
Microsoft Visual Studio Solution File, Format Version 12.00
# Visual Studio Version 16
VisualStudioVersion = 16.0.30128.74
MinimumVisualStudioVersion = 10.0.40219.1
Project("{FAE04EC0-301F-11D3-BF4B-00C04F79EFBC}") = "lesson-4", "lesson-4\lesson-4.csproj", "{3990008C-CB56-4472-8555-C1921613A1BF}"
EndProject
Global
	GlobalSection(SolutionConfigurationPlatforms) = preSolution
		Debug|Any CPU = Debug|Any CPU
		Release|Any CPU = Release|Any CPU
	EndGlobalSection
	GlobalSection(ProjectConfigurationPlatforms) = postSolution
		{3990008C-CB56-4472-8555-C1921613A1BF}.Debug|Any CPU.ActiveCfg = Debug|Any CPU
		{3990008C-CB56-4472-8555-C1921613A1BF}.Debug|Any CPU.Build.0 = Debug|Any CPU
		{3990008C-CB56-4472-8555-C1921613A1BF}.Release|Any CPU.ActiveCfg = Release|Any CPU
		{3990008C-CB56-4472-8555-C1921613A1BF}.Release|Any CPU.Build.0 = Release|Any CPU
	EndGlobalSection
	GlobalSection(SolutionProperties) = preSolution
		HideSolutionNode = FALSE
	EndGlobalSection
	GlobalSection(ExtensibilityGlobals) = postSolution
		SolutionGuid = {3D5A40AA-7B69-49C2-B77D-0D6F220CD51C}
	EndGlobalSection
EndGlobal
