
Microsoft Visual Studio Solution File, Format Version 12.00
# Visual Studio Version 16
VisualStudioVersion = 16.0.30523.141
MinimumVisualStudioVersion = 10.0.40219.1
Project("{FAE04EC0-301F-11D3-BF4B-00C04F79EFBC}") = "lesson--3", "lesson--3\lesson--3.csproj", "{83701D90-334B-449F-9CC3-E86EE7040823}"
EndProject
Global
	GlobalSection(SolutionConfigurationPlatforms) = preSolution
		Debug|Any CPU = Debug|Any CPU
		Release|Any CPU = Release|Any CPU
	EndGlobalSection
	GlobalSection(ProjectConfigurationPlatforms) = postSolution
		{83701D90-334B-449F-9CC3-E86EE7040823}.Debug|Any CPU.ActiveCfg = Debug|Any CPU
		{83701D90-334B-449F-9CC3-E86EE7040823}.Debug|Any CPU.Build.0 = Debug|Any CPU
		{83701D90-334B-449F-9CC3-E86EE7040823}.Release|Any CPU.ActiveCfg = Release|Any CPU
		{83701D90-334B-449F-9CC3-E86EE7040823}.Release|Any CPU.Build.0 = Release|Any CPU
	EndGlobalSection
	GlobalSection(SolutionProperties) = preSolution
		HideSolutionNode = FALSE
	EndGlobalSection
	GlobalSection(ExtensibilityGlobals) = postSolution
		SolutionGuid = {80E8BD30-3EA6-4067-B495-2CA0FC8F2582}
	EndGlobalSection
EndGlobal
